
Microsoft Visual Studio Solution File, Format Version 12.00
# Visual Studio Version 17
VisualStudioVersion = 17.0.31903.59
MinimumVisualStudioVersion = 10.0.40219.1
Project("{2150E333-8FDC-42A3-9474-1A3956D46DE8}") = "src", "src", "{827E0CD3-B72D-47B6-A68D-7590B98EB39B}"
EndProject
Project("{FAE04EC0-301F-11D3-BF4B-00C04F79EFBC}") = "ATCsim.Core", "src\ATCsim.Core\ATCsim.Core.csproj", "{48E37BF9-B32F-4C66-A1B2-6CD5B22B0807}"
EndProject
Project("{FAE04EC0-301F-11D3-BF4B-00C04F79EFBC}") = "ATCsim.Data", "src\ATCsim.Data\ATCsim.Data.csproj", "{D9EDB550-37D0-4774-9137-4A54D9EEF0C7}"
EndProject
Project("{FAE04EC0-301F-11D3-BF4B-00C04F79EFBC}") = "ATCsim.UI", "src\ATCsim.UI\ATCsim.UI.csproj", "{40E013D3-CC10-4754-996B-109ACE764E78}"
EndProject
Project("{2150E333-8FDC-42A3-9474-1A3956D46DE8}") = "tests", "tests", "{0AB3BF05-4346-4AA6-1389-037BE0695223}"
EndProject
Project("{FAE04EC0-301F-11D3-BF4B-00C04F79EFBC}") = "ATCsim.Tests", "tests\ATCsim.Tests\ATCsim.Tests.csproj", "{4C8B1DD0-D58C-4E4E-9CAF-BD8221498589}"
EndProject
Global
	GlobalSection(SolutionConfigurationPlatforms) = preSolution
		Debug|Any CPU = Debug|Any CPU
		Debug|x64 = Debug|x64
		Debug|x86 = Debug|x86
		Release|Any CPU = Release|Any CPU
		Release|x64 = Release|x64
		Release|x86 = Release|x86
	EndGlobalSection
	GlobalSection(ProjectConfigurationPlatforms) = postSolution
		{48E37BF9-B32F-4C66-A1B2-6CD5B22B0807}.Debug|Any CPU.ActiveCfg = Debug|Any CPU
		{48E37BF9-B32F-4C66-A1B2-6CD5B22B0807}.Debug|Any CPU.Build.0 = Debug|Any CPU
		{48E37BF9-B32F-4C66-A1B2-6CD5B22B0807}.Debug|x64.ActiveCfg = Debug|Any CPU
		{48E37BF9-B32F-4C66-A1B2-6CD5B22B0807}.Debug|x64.Build.0 = Debug|Any CPU
		{48E37BF9-B32F-4C66-A1B2-6CD5B22B0807}.Debug|x86.ActiveCfg = Debug|Any CPU
		{48E37BF9-B32F-4C66-A1B2-6CD5B22B0807}.Debug|x86.Build.0 = Debug|Any CPU
		{48E37BF9-B32F-4C66-A1B2-6CD5B22B0807}.Release|Any CPU.ActiveCfg = Release|Any CPU
		{48E37BF9-B32F-4C66-A1B2-6CD5B22B0807}.Release|Any CPU.Build.0 = Release|Any CPU
		{48E37BF9-B32F-4C66-A1B2-6CD5B22B0807}.Release|x64.ActiveCfg = Release|Any CPU
		{48E37BF9-B32F-4C66-A1B2-6CD5B22B0807}.Release|x64.Build.0 = Release|Any CPU
		{48E37BF9-B32F-4C66-A1B2-6CD5B22B0807}.Release|x86.ActiveCfg = Release|Any CPU
		{48E37BF9-B32F-4C66-A1B2-6CD5B22B0807}.Release|x86.Build.0 = Release|Any CPU
		{D9EDB550-37D0-4774-9137-4A54D9EEF0C7}.Debug|Any CPU.ActiveCfg = Debug|Any CPU
		{D9EDB550-37D0-4774-9137-4A54D9EEF0C7}.Debug|Any CPU.Build.0 = Debug|Any CPU
		{D9EDB550-37D0-4774-9137-4A54D9EEF0C7}.Debug|x64.ActiveCfg = Debug|Any CPU
		{D9EDB550-37D0-4774-9137-4A54D9EEF0C7}.Debug|x64.Build.0 = Debug|Any CPU
		{D9EDB550-37D0-4774-9137-4A54D9EEF0C7}.Debug|x86.ActiveCfg = Debug|Any CPU
		{D9EDB550-37D0-4774-9137-4A54D9EEF0C7}.Debug|x86.Build.0 = Debug|Any CPU
		{D9EDB550-37D0-4774-9137-4A54D9EEF0C7}.Release|Any CPU.ActiveCfg = Release|Any CPU
		{D9EDB550-37D0-4774-9137-4A54D9EEF0C7}.Release|Any CPU.Build.0 = Release|Any CPU
		{D9EDB550-37D0-4774-9137-4A54D9EEF0C7}.Release|x64.ActiveCfg = Release|Any CPU
		{D9EDB550-37D0-4774-9137-4A54D9EEF0C7}.Release|x64.Build.0 = Release|Any CPU
		{D9EDB550-37D0-4774-9137-4A54D9EEF0C7}.Release|x86.ActiveCfg = Release|Any CPU
		{D9EDB550-37D0-4774-9137-4A54D9EEF0C7}.Release|x86.Build.0 = Release|Any CPU
		{40E013D3-CC10-4754-996B-109ACE764E78}.Debug|Any CPU.ActiveCfg = Debug|Any CPU
		{40E013D3-CC10-4754-996B-109ACE764E78}.Debug|Any CPU.Build.0 = Debug|Any CPU
		{40E013D3-CC10-4754-996B-109ACE764E78}.Debug|x64.ActiveCfg = Debug|Any CPU
		{40E013D3-CC10-4754-996B-109ACE764E78}.Debug|x64.Build.0 = Debug|Any CPU
		{40E013D3-CC10-4754-996B-109ACE764E78}.Debug|x86.ActiveCfg = Debug|Any CPU
		{40E013D3-CC10-4754-996B-109ACE764E78}.Debug|x86.Build.0 = Debug|Any CPU
		{40E013D3-CC10-4754-996B-109ACE764E78}.Release|Any CPU.ActiveCfg = Release|Any CPU
		{40E013D3-CC10-4754-996B-109ACE764E78}.Release|Any CPU.Build.0 = Release|Any CPU
		{40E013D3-CC10-4754-996B-109ACE764E78}.Release|x64.ActiveCfg = Release|Any CPU
		{40E013D3-CC10-4754-996B-109ACE764E78}.Release|x64.Build.0 = Release|Any CPU
		{40E013D3-CC10-4754-996B-109ACE764E78}.Release|x86.ActiveCfg = Release|Any CPU
		{40E013D3-CC10-4754-996B-109ACE764E78}.Release|x86.Build.0 = Release|Any CPU
		{4C8B1DD0-D58C-4E4E-9CAF-BD8221498589}.Debug|Any CPU.ActiveCfg = Debug|Any CPU
		{4C8B1DD0-D58C-4E4E-9CAF-BD8221498589}.Debug|Any CPU.Build.0 = Debug|Any CPU
		{4C8B1DD0-D58C-4E4E-9CAF-BD8221498589}.Debug|x64.ActiveCfg = Debug|Any CPU
		{4C8B1DD0-D58C-4E4E-9CAF-BD8221498589}.Debug|x64.Build.0 = Debug|Any CPU
		{4C8B1DD0-D58C-4E4E-9CAF-BD8221498589}.Debug|x86.ActiveCfg = Debug|Any CPU
		{4C8B1DD0-D58C-4E4E-9CAF-BD8221498589}.Debug|x86.Build.0 = Debug|Any CPU
		{4C8B1DD0-D58C-4E4E-9CAF-BD8221498589}.Release|Any CPU.ActiveCfg = Release|Any CPU
		{4C8B1DD0-D58C-4E4E-9CAF-BD8221498589}.Release|Any CPU.Build.0 = Release|Any CPU
		{4C8B1DD0-D58C-4E4E-9CAF-BD8221498589}.Release|x64.ActiveCfg = Release|Any CPU
		{4C8B1DD0-D58C-4E4E-9CAF-BD8221498589}.Release|x64.Build.0 = Release|Any CPU
		{4C8B1DD0-D58C-4E4E-9CAF-BD8221498589}.Release|x86.ActiveCfg = Release|Any CPU
		{4C8B1DD0-D58C-4E4E-9CAF-BD8221498589}.Release|x86.Build.0 = Release|Any CPU
	EndGlobalSection
	GlobalSection(SolutionProperties) = preSolution
		HideSolutionNode = FALSE
	EndGlobalSection
	GlobalSection(NestedProjects) = preSolution
		{48E37BF9-B32F-4C66-A1B2-6CD5B22B0807} = {827E0CD3-B72D-47B6-A68D-7590B98EB39B}
		{D9EDB550-37D0-4774-9137-4A54D9EEF0C7} = {827E0CD3-B72D-47B6-A68D-7590B98EB39B}
		{40E013D3-CC10-4754-996B-109ACE764E78} = {827E0CD3-B72D-47B6-A68D-7590B98EB39B}
		{4C8B1DD0-D58C-4E4E-9CAF-BD8221498589} = {0AB3BF05-4346-4AA6-1389-037BE0695223}
	EndGlobalSection
EndGlobal
